
Microsoft Visual Studio Solution File, Format Version 12.00
# Visual Studio Version 16
VisualStudioVersion = 16.0.31729.503
MinimumVisualStudioVersion = 10.0.40219.1
Project("{FAE04EC0-301F-11D3-BF4B-00C04F79EFBC}") = "BooksApi", "BooksApi\BooksApi.csproj", "{D3E866D4-0456-4E58-8D97-08C731255055}"
EndProject
Global
	GlobalSection(SolutionConfigurationPlatforms) = preSolution
		Debug|Any CPU = Debug|Any CPU
		Release|Any CPU = Release|Any CPU
	EndGlobalSection
	GlobalSection(ProjectConfigurationPlatforms) = postSolution
		{D3E866D4-0456-4E58-8D97-08C731255055}.Debug|Any CPU.ActiveCfg = Debug|Any CPU
		{D3E866D4-0456-4E58-8D97-08C731255055}.Debug|Any CPU.Build.0 = Debug|Any CPU
		{D3E866D4-0456-4E58-8D97-08C731255055}.Release|Any CPU.ActiveCfg = Release|Any CPU
		{D3E866D4-0456-4E58-8D97-08C731255055}.Release|Any CPU.Build.0 = Release|Any CPU
	EndGlobalSection
	GlobalSection(SolutionProperties) = preSolution
		HideSolutionNode = FALSE
	EndGlobalSection
	GlobalSection(ExtensibilityGlobals) = postSolution
		SolutionGuid = {36FE7DC7-350E-4C41-8B29-4C70831C8626}
	EndGlobalSection
EndGlobal
