
Microsoft Visual Studio Solution File, Format Version 12.00
# Visual Studio Version 16
VisualStudioVersion = 16.0.31605.320
MinimumVisualStudioVersion = 10.0.40219.1
Project("{FAE04EC0-301F-11D3-BF4B-00C04F79EFBC}") = "TrackerLibrary", "TrackerLibrary\TrackerLibrary.csproj", "{243D1D10-1EF4-4DD4-A981-9B71C68578CA}"
EndProject
Global
	GlobalSection(SolutionConfigurationPlatforms) = preSolution
		Debug|Any CPU = Debug|Any CPU
		Release|Any CPU = Release|Any CPU
	EndGlobalSection
	GlobalSection(ProjectConfigurationPlatforms) = postSolution
		{243D1D10-1EF4-4DD4-A981-9B71C68578CA}.Debug|Any CPU.ActiveCfg = Debug|Any CPU
		{243D1D10-1EF4-4DD4-A981-9B71C68578CA}.Debug|Any CPU.Build.0 = Debug|Any CPU
		{243D1D10-1EF4-4DD4-A981-9B71C68578CA}.Release|Any CPU.ActiveCfg = Release|Any CPU
		{243D1D10-1EF4-4DD4-A981-9B71C68578CA}.Release|Any CPU.Build.0 = Release|Any CPU
	EndGlobalSection
	GlobalSection(SolutionProperties) = preSolution
		HideSolutionNode = FALSE
	EndGlobalSection
	GlobalSection(ExtensibilityGlobals) = postSolution
		SolutionGuid = {8F782875-06C2-40CF-8B4F-8BA613F36501}
	EndGlobalSection
EndGlobal
